PODS:
  - AIFunSDK (0.3.0):
    - QCloudCOSXML/Transfer (~> 5.8.1)
  - MBProgressHUD (1.2.0)
  - QCloudCore/WithoutMTA (5.8.3)
  - QCloudCOSXML/Transfer (5.8.3):
    - QCloudCore/WithoutMTA (= 5.8.3)

DEPENDENCIES:
  - AIFunSDK (from `../`)
  - MBProgressHUD

SPEC REPOS:
  trunk:
    - MBProgressHUD
    - QCloudCore
    - QCloudCOSXML

EXTERNAL SOURCES:
  AIFunSDK:
    :path: "../"

SPEC CHECKSUMS:
  AIFunSDK: f316c73337782f678debe394910847706813ccc3
  MBProgressHUD: 3ee5efcc380f6a79a7cc9b363dd669c5e1ae7406
  QCloudCore: c8542aca5b873aab0de8cc653beffd6d17c8023d
  QCloudCOSXML: 30bb0444c5c9298c286ac273eee7f138cff58297

PODFILE CHECKSUM: d0ce904765cad8e86e6923e2c72ea607dc8cc165

COCOAPODS: 1.10.1
